
Microsoft Visual Studio Solution File, Format Version 12.00
# Visual Studio 2012
Project("{FAE04EC0-301F-11D3-BF4B-00C04F79EFBC}") = "SyncServiceLib", "SyncServiceLib\SyncServiceLib.csproj", "{B1152373-5435-4344-A749-A083734B69DC}"
EndProject
Project("{FAE04EC0-301F-11D3-BF4B-00C04F79EFBC}") = "SyncSvcUtil", "tools\SyncSvcUtil\SyncSvcUtil.csproj", "{D592CC46-92EA-44A9-A5BE-97E9CA319B47}"
EndProject
Project("{FAE04EC0-301F-11D3-BF4B-00C04F79EFBC}") = "SyncSvcUtilUI", "tools\SyncSvcUtilUI\SyncSvcUtilUI.csproj", "{128210C9-E7B0-4D2E-984E-B473AA401188}"
EndProject
Project("{FAE04EC0-301F-11D3-BF4B-00C04F79EFBC}") = "WP7Client", "WP7Client\WP7Client.csproj", "{69180782-09F7-400F-BB11-97DFBF8EC91C}"
EndProject
Project("{FAE04EC0-301F-11D3-BF4B-00C04F79EFBC}") = "AndroidClient", "AndroidClient\AndroidClient.csproj", "{3293AD1B-4310-48B8-88FC-293FBB6B27A5}"
EndProject
Project("{FAE04EC0-301F-11D3-BF4B-00C04F79EFBC}") = "iOSClient", "iOSClient\iOSClient.csproj", "{666F20DD-C0D0-453C-9947-950ADFFC2796}"
EndProject
Global
	GlobalSection(SolutionConfigurationPlatforms) = preSolution
		Ad-Hoc|Any CPU = Ad-Hoc|Any CPU
		Ad-Hoc|ARM = Ad-Hoc|ARM
		Ad-Hoc|iPhone = Ad-Hoc|iPhone
		Ad-Hoc|iPhoneSimulator = Ad-Hoc|iPhoneSimulator
		Ad-Hoc|Mixed Platforms = Ad-Hoc|Mixed Platforms
		Ad-Hoc|x86 = Ad-Hoc|x86
		AppStore|Any CPU = AppStore|Any CPU
		AppStore|ARM = AppStore|ARM
		AppStore|iPhone = AppStore|iPhone
		AppStore|iPhoneSimulator = AppStore|iPhoneSimulator
		AppStore|Mixed Platforms = AppStore|Mixed Platforms
		AppStore|x86 = AppStore|x86
		Debug|Any CPU = Debug|Any CPU
		Debug|ARM = Debug|ARM
		Debug|iPhone = Debug|iPhone
		Debug|iPhoneSimulator = Debug|iPhoneSimulator
		Debug|Mixed Platforms = Debug|Mixed Platforms
		Debug|x86 = Debug|x86
		Release|Any CPU = Release|Any CPU
		Release|ARM = Release|ARM
		Release|iPhone = Release|iPhone
		Release|iPhoneSimulator = Release|iPhoneSimulator
		Release|Mixed Platforms = Release|Mixed Platforms
		Release|x86 = Release|x86
	EndGlobalSection
	GlobalSection(ProjectConfigurationPlatforms) = postSolution
		{B1152373-5435-4344-A749-A083734B69DC}.Ad-Hoc|Any CPU.ActiveCfg = Release|Any CPU
		{B1152373-5435-4344-A749-A083734B69DC}.Ad-Hoc|Any CPU.Build.0 = Release|Any CPU
		{B1152373-5435-4344-A749-A083734B69DC}.Ad-Hoc|ARM.ActiveCfg = Debug|Any CPU
		{B1152373-5435-4344-A749-A083734B69DC}.Ad-Hoc|iPhone.ActiveCfg = Release|Any CPU
		{B1152373-5435-4344-A749-A083734B69DC}.Ad-Hoc|iPhoneSimulator.ActiveCfg = Release|Any CPU
		{B1152373-5435-4344-A749-A083734B69DC}.Ad-Hoc|Mixed Platforms.ActiveCfg = Release|Any CPU
		{B1152373-5435-4344-A749-A083734B69DC}.Ad-Hoc|Mixed Platforms.Build.0 = Release|Any CPU
		{B1152373-5435-4344-A749-A083734B69DC}.Ad-Hoc|x86.ActiveCfg = Release|Any CPU
		{B1152373-5435-4344-A749-A083734B69DC}.AppStore|Any CPU.ActiveCfg = Release|Any CPU
		{B1152373-5435-4344-A749-A083734B69DC}.AppStore|Any CPU.Build.0 = Release|Any CPU
		{B1152373-5435-4344-A749-A083734B69DC}.AppStore|ARM.ActiveCfg = Debug|Any CPU
		{B1152373-5435-4344-A749-A083734B69DC}.AppStore|iPhone.ActiveCfg = Release|Any CPU
		{B1152373-5435-4344-A749-A083734B69DC}.AppStore|iPhoneSimulator.ActiveCfg = Release|Any CPU
		{B1152373-5435-4344-A749-A083734B69DC}.AppStore|Mixed Platforms.ActiveCfg = Release|Any CPU
		{B1152373-5435-4344-A749-A083734B69DC}.AppStore|Mixed Platforms.Build.0 = Release|Any CPU
		{B1152373-5435-4344-A749-A083734B69DC}.AppStore|x86.ActiveCfg = Release|Any CPU
		{B1152373-5435-4344-A749-A083734B69DC}.Debug|Any CPU.ActiveCfg = Debug|Any CPU
		{B1152373-5435-4344-A749-A083734B69DC}.Debug|Any CPU.Build.0 = Debug|Any CPU
		{B1152373-5435-4344-A749-A083734B69DC}.Debug|ARM.ActiveCfg = Debug|Any CPU
		{B1152373-5435-4344-A749-A083734B69DC}.Debug|iPhone.ActiveCfg = Debug|Any CPU
		{B1152373-5435-4344-A749-A083734B69DC}.Debug|iPhoneSimulator.ActiveCfg = Debug|Any CPU
		{B1152373-5435-4344-A749-A083734B69DC}.Debug|Mixed Platforms.ActiveCfg = Debug|Any CPU
		{B1152373-5435-4344-A749-A083734B69DC}.Debug|Mixed Platforms.Build.0 = Debug|Any CPU
		{B1152373-5435-4344-A749-A083734B69DC}.Debug|x86.ActiveCfg = Debug|Any CPU
		{B1152373-5435-4344-A749-A083734B69DC}.Release|Any CPU.ActiveCfg = Release|Any CPU
		{B1152373-5435-4344-A749-A083734B69DC}.Release|Any CPU.Build.0 = Release|Any CPU
		{B1152373-5435-4344-A749-A083734B69DC}.Release|ARM.ActiveCfg = Release|Any CPU
		{B1152373-5435-4344-A749-A083734B69DC}.Release|iPhone.ActiveCfg = Release|Any CPU
		{B1152373-5435-4344-A749-A083734B69DC}.Release|iPhoneSimulator.ActiveCfg = Release|Any CPU
		{B1152373-5435-4344-A749-A083734B69DC}.Release|Mixed Platforms.ActiveCfg = Release|Any CPU
		{B1152373-5435-4344-A749-A083734B69DC}.Release|Mixed Platforms.Build.0 = Release|Any CPU
		{B1152373-5435-4344-A749-A083734B69DC}.Release|x86.ActiveCfg = Release|Any CPU
		{D592CC46-92EA-44A9-A5BE-97E9CA319B47}.Ad-Hoc|Any CPU.ActiveCfg = Release|x86
		{D592CC46-92EA-44A9-A5BE-97E9CA319B47}.Ad-Hoc|ARM.ActiveCfg = Debug|x86
		{D592CC46-92EA-44A9-A5BE-97E9CA319B47}.Ad-Hoc|iPhone.ActiveCfg = Release|x86
		{D592CC46-92EA-44A9-A5BE-97E9CA319B47}.Ad-Hoc|iPhoneSimulator.ActiveCfg = Release|x86
		{D592CC46-92EA-44A9-A5BE-97E9CA319B47}.Ad-Hoc|Mixed Platforms.ActiveCfg = Release|x86
		{D592CC46-92EA-44A9-A5BE-97E9CA319B47}.Ad-Hoc|Mixed Platforms.Build.0 = Release|x86
		{D592CC46-92EA-44A9-A5BE-97E9CA319B47}.Ad-Hoc|x86.ActiveCfg = Release|x86
		{D592CC46-92EA-44A9-A5BE-97E9CA319B47}.Ad-Hoc|x86.Build.0 = Release|x86
		{D592CC46-92EA-44A9-A5BE-97E9CA319B47}.AppStore|Any CPU.ActiveCfg = Release|x86
		{D592CC46-92EA-44A9-A5BE-97E9CA319B47}.AppStore|ARM.ActiveCfg = Debug|x86
		{D592CC46-92EA-44A9-A5BE-97E9CA319B47}.AppStore|iPhone.ActiveCfg = Release|x86
		{D592CC46-92EA-44A9-A5BE-97E9CA319B47}.AppStore|iPhoneSimulator.ActiveCfg = Release|x86
		{D592CC46-92EA-44A9-A5BE-97E9CA319B47}.AppStore|Mixed Platforms.ActiveCfg = Release|x86
		{D592CC46-92EA-44A9-A5BE-97E9CA319B47}.AppStore|Mixed Platforms.Build.0 = Release|x86
		{D592CC46-92EA-44A9-A5BE-97E9CA319B47}.AppStore|x86.ActiveCfg = Release|x86
		{D592CC46-92EA-44A9-A5BE-97E9CA319B47}.AppStore|x86.Build.0 = Release|x86
		{D592CC46-92EA-44A9-A5BE-97E9CA319B47}.Debug|Any CPU.ActiveCfg = Debug|x86
		{D592CC46-92EA-44A9-A5BE-97E9CA319B47}.Debug|ARM.ActiveCfg = Debug|x86
		{D592CC46-92EA-44A9-A5BE-97E9CA319B47}.Debug|iPhone.ActiveCfg = Debug|x86
		{D592CC46-92EA-44A9-A5BE-97E9CA319B47}.Debug|iPhoneSimulator.ActiveCfg = Debug|x86
		{D592CC46-92EA-44A9-A5BE-97E9CA319B47}.Debug|Mixed Platforms.ActiveCfg = Debug|x86
		{D592CC46-92EA-44A9-A5BE-97E9CA319B47}.Debug|Mixed Platforms.Build.0 = Debug|x86
		{D592CC46-92EA-44A9-A5BE-97E9CA319B47}.Debug|x86.ActiveCfg = Debug|x86
		{D592CC46-92EA-44A9-A5BE-97E9CA319B47}.Debug|x86.Build.0 = Debug|x86
		{D592CC46-92EA-44A9-A5BE-97E9CA319B47}.Release|Any CPU.ActiveCfg = Release|x86
		{D592CC46-92EA-44A9-A5BE-97E9CA319B47}.Release|ARM.ActiveCfg = Release|x86
		{D592CC46-92EA-44A9-A5BE-97E9CA319B47}.Release|iPhone.ActiveCfg = Release|x86
		{D592CC46-92EA-44A9-A5BE-97E9CA319B47}.Release|iPhoneSimulator.ActiveCfg = Release|x86
		{D592CC46-92EA-44A9-A5BE-97E9CA319B47}.Release|Mixed Platforms.ActiveCfg = Release|x86
		{D592CC46-92EA-44A9-A5BE-97E9CA319B47}.Release|Mixed Platforms.Build.0 = Release|x86
		{D592CC46-92EA-44A9-A5BE-97E9CA319B47}.Release|x86.ActiveCfg = Release|x86
		{D592CC46-92EA-44A9-A5BE-97E9CA319B47}.Release|x86.Build.0 = Release|x86
		{128210C9-E7B0-4D2E-984E-B473AA401188}.Ad-Hoc|Any CPU.ActiveCfg = Release|Any CPU
		{128210C9-E7B0-4D2E-984E-B473AA401188}.Ad-Hoc|Any CPU.Build.0 = Release|Any CPU
		{128210C9-E7B0-4D2E-984E-B473AA401188}.Ad-Hoc|ARM.ActiveCfg = Debug|Any CPU
		{128210C9-E7B0-4D2E-984E-B473AA401188}.Ad-Hoc|iPhone.ActiveCfg = Release|Any CPU
		{128210C9-E7B0-4D2E-984E-B473AA401188}.Ad-Hoc|iPhoneSimulator.ActiveCfg = Release|Any CPU
		{128210C9-E7B0-4D2E-984E-B473AA401188}.Ad-Hoc|Mixed Platforms.ActiveCfg = Release|Any CPU
		{128210C9-E7B0-4D2E-984E-B473AA401188}.Ad-Hoc|Mixed Platforms.Build.0 = Release|Any CPU
		{128210C9-E7B0-4D2E-984E-B473AA401188}.Ad-Hoc|x86.ActiveCfg = Release|Any CPU
		{128210C9-E7B0-4D2E-984E-B473AA401188}.AppStore|Any CPU.ActiveCfg = Release|Any CPU
		{128210C9-E7B0-4D2E-984E-B473AA401188}.AppStore|Any CPU.Build.0 = Release|Any CPU
		{128210C9-E7B0-4D2E-984E-B473AA401188}.AppStore|ARM.ActiveCfg = Debug|Any CPU
		{128210C9-E7B0-4D2E-984E-B473AA401188}.AppStore|iPhone.ActiveCfg = Release|Any CPU
		{128210C9-E7B0-4D2E-984E-B473AA401188}.AppStore|iPhoneSimulator.ActiveCfg = Release|Any CPU
		{128210C9-E7B0-4D2E-984E-B473AA401188}.AppStore|Mixed Platforms.ActiveCfg = Release|Any CPU
		{128210C9-E7B0-4D2E-984E-B473AA401188}.AppStore|Mixed Platforms.Build.0 = Release|Any CPU
		{128210C9-E7B0-4D2E-984E-B473AA401188}.AppStore|x86.ActiveCfg = Release|Any CPU
		{128210C9-E7B0-4D2E-984E-B473AA401188}.Debug|Any CPU.ActiveCfg = Debug|Any CPU
		{128210C9-E7B0-4D2E-984E-B473AA401188}.Debug|Any CPU.Build.0 = Debug|Any CPU
		{128210C9-E7B0-4D2E-984E-B473AA401188}.Debug|ARM.ActiveCfg = Debug|Any CPU
		{128210C9-E7B0-4D2E-984E-B473AA401188}.Debug|iPhone.ActiveCfg = Debug|Any CPU
		{128210C9-E7B0-4D2E-984E-B473AA401188}.Debug|iPhoneSimulator.ActiveCfg = Debug|Any CPU
		{128210C9-E7B0-4D2E-984E-B473AA401188}.Debug|Mixed Platforms.ActiveCfg = Debug|Any CPU
		{128210C9-E7B0-4D2E-984E-B473AA401188}.Debug|Mixed Platforms.Build.0 = Debug|Any CPU
		{128210C9-E7B0-4D2E-984E-B473AA401188}.Debug|x86.ActiveCfg = Debug|Any CPU
		{128210C9-E7B0-4D2E-984E-B473AA401188}.Release|Any CPU.ActiveCfg = Release|Any CPU
		{128210C9-E7B0-4D2E-984E-B473AA401188}.Release|Any CPU.Build.0 = Release|Any CPU
		{128210C9-E7B0-4D2E-984E-B473AA401188}.Release|ARM.ActiveCfg = Release|Any CPU
		{128210C9-E7B0-4D2E-984E-B473AA401188}.Release|iPhone.ActiveCfg = Release|Any CPU
		{128210C9-E7B0-4D2E-984E-B473AA401188}.Release|iPhoneSimulator.ActiveCfg = Release|Any CPU
		{128210C9-E7B0-4D2E-984E-B473AA401188}.Release|Mixed Platforms.ActiveCfg = Release|Any CPU
		{128210C9-E7B0-4D2E-984E-B473AA401188}.Release|Mixed Platforms.Build.0 = Release|Any CPU
		{128210C9-E7B0-4D2E-984E-B473AA401188}.Release|x86.ActiveCfg = Release|Any CPU
		{69180782-09F7-400F-BB11-97DFBF8EC91C}.Ad-Hoc|Any CPU.ActiveCfg = Release|Any CPU
		{69180782-09F7-400F-BB11-97DFBF8EC91C}.Ad-Hoc|Any CPU.Build.0 = Release|Any CPU
		{69180782-09F7-400F-BB11-97DFBF8EC91C}.Ad-Hoc|ARM.ActiveCfg = Release|ARM
		{69180782-09F7-400F-BB11-97DFBF8EC91C}.Ad-Hoc|ARM.Build.0 = Release|ARM
		{69180782-09F7-400F-BB11-97DFBF8EC91C}.Ad-Hoc|iPhone.ActiveCfg = Release|Any CPU
		{69180782-09F7-400F-BB11-97DFBF8EC91C}.Ad-Hoc|iPhoneSimulator.ActiveCfg = Release|Any CPU
		{69180782-09F7-400F-BB11-97DFBF8EC91C}.Ad-Hoc|Mixed Platforms.ActiveCfg = Release|Any CPU
		{69180782-09F7-400F-BB11-97DFBF8EC91C}.Ad-Hoc|Mixed Platforms.Build.0 = Release|Any CPU
		{69180782-09F7-400F-BB11-97DFBF8EC91C}.Ad-Hoc|x86.ActiveCfg = Release|Any CPU
		{69180782-09F7-400F-BB11-97DFBF8EC91C}.AppStore|Any CPU.ActiveCfg = Release|Any CPU
		{69180782-09F7-400F-BB11-97DFBF8EC91C}.AppStore|Any CPU.Build.0 = Release|Any CPU
		{69180782-09F7-400F-BB11-97DFBF8EC91C}.AppStore|ARM.ActiveCfg = Release|ARM
		{69180782-09F7-400F-BB11-97DFBF8EC91C}.AppStore|ARM.Build.0 = Release|ARM
		{69180782-09F7-400F-BB11-97DFBF8EC91C}.AppStore|iPhone.ActiveCfg = Release|Any CPU
		{69180782-09F7-400F-BB11-97DFBF8EC91C}.AppStore|iPhoneSimulator.ActiveCfg = Release|Any CPU
		{69180782-09F7-400F-BB11-97DFBF8EC91C}.AppStore|Mixed Platforms.ActiveCfg = Release|Any CPU
		{69180782-09F7-400F-BB11-97DFBF8EC91C}.AppStore|Mixed Platforms.Build.0 = Release|Any CPU
		{69180782-09F7-400F-BB11-97DFBF8EC91C}.AppStore|x86.ActiveCfg = Release|Any CPU
		{69180782-09F7-400F-BB11-97DFBF8EC91C}.Debug|Any CPU.ActiveCfg = Debug|Any CPU
		{69180782-09F7-400F-BB11-97DFBF8EC91C}.Debug|Any CPU.Build.0 = Debug|Any CPU
		{69180782-09F7-400F-BB11-97DFBF8EC91C}.Debug|ARM.ActiveCfg = Debug|ARM
		{69180782-09F7-400F-BB11-97DFBF8EC91C}.Debug|ARM.Build.0 = Debug|ARM
		{69180782-09F7-400F-BB11-97DFBF8EC91C}.Debug|iPhone.ActiveCfg = Debug|Any CPU
		{69180782-09F7-400F-BB11-97DFBF8EC91C}.Debug|iPhoneSimulator.ActiveCfg = Debug|Any CPU
		{69180782-09F7-400F-BB11-97DFBF8EC91C}.Debug|Mixed Platforms.ActiveCfg = Debug|Any CPU
		{69180782-09F7-400F-BB11-97DFBF8EC91C}.Debug|Mixed Platforms.Build.0 = Debug|Any CPU
		{69180782-09F7-400F-BB11-97DFBF8EC91C}.Debug|x86.ActiveCfg = Debug|Any CPU
		{69180782-09F7-400F-BB11-97DFBF8EC91C}.Release|Any CPU.ActiveCfg = Release|Any CPU
		{69180782-09F7-400F-BB11-97DFBF8EC91C}.Release|Any CPU.Build.0 = Release|Any CPU
		{69180782-09F7-400F-BB11-97DFBF8EC91C}.Release|ARM.ActiveCfg = Release|ARM
		{69180782-09F7-400F-BB11-97DFBF8EC91C}.Release|ARM.Build.0 = Release|ARM
		{69180782-09F7-400F-BB11-97DFBF8EC91C}.Release|iPhone.ActiveCfg = Release|Any CPU
		{69180782-09F7-400F-BB11-97DFBF8EC91C}.Release|iPhoneSimulator.ActiveCfg = Release|Any CPU
		{69180782-09F7-400F-BB11-97DFBF8EC91C}.Release|Mixed Platforms.ActiveCfg = Release|Any CPU
		{69180782-09F7-400F-BB11-97DFBF8EC91C}.Release|Mixed Platforms.Build.0 = Release|Any CPU
		{69180782-09F7-400F-BB11-97DFBF8EC91C}.Release|x86.ActiveCfg = Release|Any CPU
		{3293AD1B-4310-48B8-88FC-293FBB6B27A5}.Ad-Hoc|Any CPU.ActiveCfg = Release|Any CPU
		{3293AD1B-4310-48B8-88FC-293FBB6B27A5}.Ad-Hoc|Any CPU.Build.0 = Release|Any CPU
		{3293AD1B-4310-48B8-88FC-293FBB6B27A5}.Ad-Hoc|ARM.ActiveCfg = Debug|Any CPU
		{3293AD1B-4310-48B8-88FC-293FBB6B27A5}.Ad-Hoc|iPhone.ActiveCfg = Release|Any CPU
		{3293AD1B-4310-48B8-88FC-293FBB6B27A5}.Ad-Hoc|iPhoneSimulator.ActiveCfg = Release|Any CPU
		{3293AD1B-4310-48B8-88FC-293FBB6B27A5}.Ad-Hoc|Mixed Platforms.ActiveCfg = Release|Any CPU
		{3293AD1B-4310-48B8-88FC-293FBB6B27A5}.Ad-Hoc|Mixed Platforms.Build.0 = Release|Any CPU
		{3293AD1B-4310-48B8-88FC-293FBB6B27A5}.Ad-Hoc|x86.ActiveCfg = Release|Any CPU
		{3293AD1B-4310-48B8-88FC-293FBB6B27A5}.AppStore|Any CPU.ActiveCfg = Release|Any CPU
		{3293AD1B-4310-48B8-88FC-293FBB6B27A5}.AppStore|Any CPU.Build.0 = Release|Any CPU
		{3293AD1B-4310-48B8-88FC-293FBB6B27A5}.AppStore|ARM.ActiveCfg = Debug|Any CPU
		{3293AD1B-4310-48B8-88FC-293FBB6B27A5}.AppStore|iPhone.ActiveCfg = Release|Any CPU
		{3293AD1B-4310-48B8-88FC-293FBB6B27A5}.AppStore|iPhoneSimulator.ActiveCfg = Release|Any CPU
		{3293AD1B-4310-48B8-88FC-293FBB6B27A5}.AppStore|Mixed Platforms.ActiveCfg = Release|Any CPU
		{3293AD1B-4310-48B8-88FC-293FBB6B27A5}.AppStore|Mixed Platforms.Build.0 = Release|Any CPU
		{3293AD1B-4310-48B8-88FC-293FBB6B27A5}.AppStore|x86.ActiveCfg = Release|Any CPU
		{3293AD1B-4310-48B8-88FC-293FBB6B27A5}.Debug|Any CPU.ActiveCfg = Debug|Any CPU
		{3293AD1B-4310-48B8-88FC-293FBB6B27A5}.Debug|Any CPU.Build.0 = Debug|Any CPU
		{3293AD1B-4310-48B8-88FC-293FBB6B27A5}.Debug|ARM.ActiveCfg = Debug|Any CPU
		{3293AD1B-4310-48B8-88FC-293FBB6B27A5}.Debug|iPhone.ActiveCfg = Debug|Any CPU
		{3293AD1B-4310-48B8-88FC-293FBB6B27A5}.Debug|iPhoneSimulator.ActiveCfg = Debug|Any CPU
		{3293AD1B-4310-48B8-88FC-293FBB6B27A5}.Debug|Mixed Platforms.ActiveCfg = Debug|Any CPU
		{3293AD1B-4310-48B8-88FC-293FBB6B27A5}.Debug|Mixed Platforms.Build.0 = Debug|Any CPU
		{3293AD1B-4310-48B8-88FC-293FBB6B27A5}.Debug|x86.ActiveCfg = Debug|Any CPU
		{3293AD1B-4310-48B8-88FC-293FBB6B27A5}.Release|Any CPU.ActiveCfg = Release|Any CPU
		{3293AD1B-4310-48B8-88FC-293FBB6B27A5}.Release|Any CPU.Build.0 = Release|Any CPU
		{3293AD1B-4310-48B8-88FC-293FBB6B27A5}.Release|ARM.ActiveCfg = Release|Any CPU
		{3293AD1B-4310-48B8-88FC-293FBB6B27A5}.Release|iPhone.ActiveCfg = Release|Any CPU
		{3293AD1B-4310-48B8-88FC-293FBB6B27A5}.Release|iPhoneSimulator.ActiveCfg = Release|Any CPU
		{3293AD1B-4310-48B8-88FC-293FBB6B27A5}.Release|Mixed Platforms.ActiveCfg = Release|Any CPU
		{3293AD1B-4310-48B8-88FC-293FBB6B27A5}.Release|Mixed Platforms.Build.0 = Release|Any CPU
		{3293AD1B-4310-48B8-88FC-293FBB6B27A5}.Release|x86.ActiveCfg = Release|Any CPU
		{666F20DD-C0D0-453C-9947-950ADFFC2796}.Ad-Hoc|Any CPU.ActiveCfg = Ad-Hoc|iPhone
		{666F20DD-C0D0-453C-9947-950ADFFC2796}.Ad-Hoc|ARM.ActiveCfg = Ad-Hoc|iPhoneSimulator
		{666F20DD-C0D0-453C-9947-950ADFFC2796}.Ad-Hoc|iPhone.ActiveCfg = Ad-Hoc|iPhone
		{666F20DD-C0D0-453C-9947-950ADFFC2796}.Ad-Hoc|iPhone.Build.0 = Ad-Hoc|iPhone
		{666F20DD-C0D0-453C-9947-950ADFFC2796}.Ad-Hoc|iPhoneSimulator.ActiveCfg = Ad-Hoc|iPhoneSimulator
		{666F20DD-C0D0-453C-9947-950ADFFC2796}.Ad-Hoc|iPhoneSimulator.Build.0 = Ad-Hoc|iPhoneSimulator
		{666F20DD-C0D0-453C-9947-950ADFFC2796}.Ad-Hoc|Mixed Platforms.ActiveCfg = Ad-Hoc|iPhone
		{666F20DD-C0D0-453C-9947-950ADFFC2796}.Ad-Hoc|Mixed Platforms.Build.0 = Ad-Hoc|iPhone
		{666F20DD-C0D0-453C-9947-950ADFFC2796}.Ad-Hoc|x86.ActiveCfg = Ad-Hoc|iPhone
		{666F20DD-C0D0-453C-9947-950ADFFC2796}.AppStore|Any CPU.ActiveCfg = AppStore|iPhone
		{666F20DD-C0D0-453C-9947-950ADFFC2796}.AppStore|ARM.ActiveCfg = AppStore|iPhoneSimulator
		{666F20DD-C0D0-453C-9947-950ADFFC2796}.AppStore|iPhone.ActiveCfg = AppStore|iPhone
		{666F20DD-C0D0-453C-9947-950ADFFC2796}.AppStore|iPhone.Build.0 = AppStore|iPhone
		{666F20DD-C0D0-453C-9947-950ADFFC2796}.AppStore|iPhoneSimulator.ActiveCfg = AppStore|iPhoneSimulator
		{666F20DD-C0D0-453C-9947-950ADFFC2796}.AppStore|iPhoneSimulator.Build.0 = AppStore|iPhoneSimulator
		{666F20DD-C0D0-453C-9947-950ADFFC2796}.AppStore|Mixed Platforms.ActiveCfg = AppStore|iPhone
		{666F20DD-C0D0-453C-9947-950ADFFC2796}.AppStore|Mixed Platforms.Build.0 = AppStore|iPhone
		{666F20DD-C0D0-453C-9947-950ADFFC2796}.AppStore|x86.ActiveCfg = AppStore|iPhone
		{666F20DD-C0D0-453C-9947-950ADFFC2796}.Debug|Any CPU.ActiveCfg = Debug|iPhone
		{666F20DD-C0D0-453C-9947-950ADFFC2796}.Debug|ARM.ActiveCfg = Debug|iPhoneSimulator
		{666F20DD-C0D0-453C-9947-950ADFFC2796}.Debug|iPhone.ActiveCfg = Debug|iPhone
		{666F20DD-C0D0-453C-9947-950ADFFC2796}.Debug|iPhone.Build.0 = Debug|iPhone
		{666F20DD-C0D0-453C-9947-950ADFFC2796}.Debug|iPhoneSimulator.ActiveCfg = Debug|iPhoneSimulator
		{666F20DD-C0D0-453C-9947-950ADFFC2796}.Debug|iPhoneSimulator.Build.0 = Debug|iPhoneSimulator
		{666F20DD-C0D0-453C-9947-950ADFFC2796}.Debug|Mixed Platforms.ActiveCfg = Debug|iPhone
		{666F20DD-C0D0-453C-9947-950ADFFC2796}.Debug|Mixed Platforms.Build.0 = Debug|iPhone
		{666F20DD-C0D0-453C-9947-950ADFFC2796}.Debug|x86.ActiveCfg = Debug|iPhone
		{666F20DD-C0D0-453C-9947-950ADFFC2796}.Release|Any CPU.ActiveCfg = Release|iPhone
		{666F20DD-C0D0-453C-9947-950ADFFC2796}.Release|ARM.ActiveCfg = Release|iPhoneSimulator
		{666F20DD-C0D0-453C-9947-950ADFFC2796}.Release|iPhone.ActiveCfg = Release|iPhone
		{666F20DD-C0D0-453C-9947-950ADFFC2796}.Release|iPhone.Build.0 = Release|iPhone
		{666F20DD-C0D0-453C-9947-950ADFFC2796}.Release|iPhoneSimulator.ActiveCfg = Release|iPhoneSimulator
		{666F20DD-C0D0-453C-9947-950ADFFC2796}.Release|iPhoneSimulator.Build.0 = Release|iPhoneSimulator
		{666F20DD-C0D0-453C-9947-950ADFFC2796}.Release|Mixed Platforms.ActiveCfg = Release|iPhone
		{666F20DD-C0D0-453C-9947-950ADFFC2796}.Release|Mixed Platforms.Build.0 = Release|iPhone
		{666F20DD-C0D0-453C-9947-950ADFFC2796}.Release|x86.ActiveCfg = Release|iPhone
	EndGlobalSection
	GlobalSection(SolutionProperties) = preSolution
		HideSolutionNode = FALSE
	EndGlobalSection
EndGlobal
